
Microsoft Visual Studio Solution File, Format Version 12.00
Project("{FAE04EC0-301F-11D3-BF4B-00C04F79EFBC}") = "ClockworkDb.Engine.Avro", "ClockworkDb.Engine.Avro\ClockworkDb.Engine.Avro.csproj", "{9CE6F22B-16B5-4C2D-8021-19DE0CE28F80}"
EndProject
Project("{FAE04EC0-301F-11D3-BF4B-00C04F79EFBC}") = "ClockworkDb.Engine.Serialization", "ClockworkDb.Engine.Serialization\ClockworkDb.Engine.Serialization.csproj", "{2055B21C-F789-4C4A-97F6-0F42C433CADF}"
EndProject
Project("{2150E333-8FDC-42A3-9474-1A3956D46DE8}") = ".build", ".build", "{E73713E5-10E4-4526-A81C-E389C4E4C6D2}"
	ProjectSection(SolutionItems) = preProject
		common.props = common.props
	EndProjectSection
EndProject
Project("{FAE04EC0-301F-11D3-BF4B-00C04F79EFBC}") = "ClockworkDb.Engine.Tests", "ClockworkDb.Engine.Tests\ClockworkDb.Engine.Tests.csproj", "{CA5CB9BD-2300-44E8-B32E-8E262F3A15E5}"
EndProject
Global
	GlobalSection(SolutionConfigurationPlatforms) = preSolution
		Debug|Any CPU = Debug|Any CPU
		Release|Any CPU = Release|Any CPU
	EndGlobalSection
	GlobalSection(ProjectConfigurationPlatforms) = postSolution
		{9CE6F22B-16B5-4C2D-8021-19DE0CE28F80}.Debug|Any CPU.ActiveCfg = Debug|Any CPU
		{9CE6F22B-16B5-4C2D-8021-19DE0CE28F80}.Debug|Any CPU.Build.0 = Debug|Any CPU
		{9CE6F22B-16B5-4C2D-8021-19DE0CE28F80}.Release|Any CPU.ActiveCfg = Release|Any CPU
		{9CE6F22B-16B5-4C2D-8021-19DE0CE28F80}.Release|Any CPU.Build.0 = Release|Any CPU
		{2055B21C-F789-4C4A-97F6-0F42C433CADF}.Debug|Any CPU.ActiveCfg = Debug|Any CPU
		{2055B21C-F789-4C4A-97F6-0F42C433CADF}.Debug|Any CPU.Build.0 = Debug|Any CPU
		{2055B21C-F789-4C4A-97F6-0F42C433CADF}.Release|Any CPU.ActiveCfg = Release|Any CPU
		{2055B21C-F789-4C4A-97F6-0F42C433CADF}.Release|Any CPU.Build.0 = Release|Any CPU
		{CA5CB9BD-2300-44E8-B32E-8E262F3A15E5}.Debug|Any CPU.ActiveCfg = Debug|Any CPU
		{CA5CB9BD-2300-44E8-B32E-8E262F3A15E5}.Debug|Any CPU.Build.0 = Debug|Any CPU
		{CA5CB9BD-2300-44E8-B32E-8E262F3A15E5}.Release|Any CPU.ActiveCfg = Release|Any CPU
		{CA5CB9BD-2300-44E8-B32E-8E262F3A15E5}.Release|Any CPU.Build.0 = Release|Any CPU
	EndGlobalSection
EndGlobal
